// !$*UTF8*$!
{
	archiveVersion = 1;
	classes = {
	};
	objectVersion = 46;
	objects = {

/* Begin PBXBuildFile section */
		796BF7061A58DE45009C6601 /* AppDelegate.swift in Sources */ = {isa = PBXBuildFile; fileRef = 796BF7051A58DE45009C6601 /* AppDelegate.swift */; };
		796BF7091A58DE45009C6601 /* SwiftToday.xcdatamodeld in Sources */ = {isa = PBXBuildFile; fileRef = 796BF7071A58DE45009C6601 /* SwiftToday.xcdatamodeld */; };
		796BF70B1A58DE45009C6601 /* ViewController.swift in Sources */ = {isa = PBXBuildFile; fileRef = 796BF70A1A58DE45009C6601 /* ViewController.swift */; };
		796BF70E1A58DE45009C6601 /* Main.storyboard in Resources */ = {isa = PBXBuildFile; fileRef = 796BF70C1A58DE45009C6601 /* Main.storyboard */; };
		796BF7101A58DE45009C6601 /* Images.xcassets in Resources */ = {isa = PBXBuildFile; fileRef = 796BF70F1A58DE45009C6601 /* Images.xcassets */; };
		796BF7131A58DE45009C6601 /* LaunchScreen.xib in Resources */ = {isa = PBXBuildFile; fileRef = 796BF7111A58DE45009C6601 /* LaunchScreen.xib */; };
		796BF71F1A58DE45009C6601 /* SwiftTodayTests.swift in Sources */ = {isa = PBXBuildFile; fileRef = 796BF71E1A58DE45009C6601 /* SwiftTodayTests.swift */; };
/* End PBXBuildFile section */

/* Begin PBXContainerItemProxy section */
		796BF7191A58DE45009C6601 /* PBXContainerItemProxy */ = {
			isa = PBXContainerItemProxy;
			containerPortal = 796BF6F81A58DE45009C6601 /* Project object */;
			proxyType = 1;
			remoteGlobalIDString = 796BF6FF1A58DE45009C6601;
			remoteInfo = SwiftToday;
		};
/* End PBXContainerItemProxy section */

/* Begin PBXFileReference section */
		796BF7001A58DE45009C6601 /* SwiftToday.app */ = {isa = PBXFileReference; explicitFileType = wrapper.application; includeInIndex = 0; path = SwiftToday.app; sourceTree = BUILT_PRODUCTS_DIR; };
		796BF7041A58DE45009C6601 /* Info.plist */ = {isa = PBXFileReference; lastKnownFileType = text.plist.xml; path = Info.plist; sourceTree = "<group>"; };
		796BF7051A58DE45009C6601 /* AppDelegate.swift */ = {isa = PBXFileReference; lastKnownFileType = sourcecode.swift; path = AppDelegate.swift; sourceTree = "<group>"; };
		796BF7081A58DE45009C6601 /* SwiftToday.xcdatamodel */ = {isa = PBXFileReference; lastKnownFileType = wrapper.xcdatamodel; path = SwiftToday.xcdatamodel; sourceTree = "<group>"; };
		796BF70A1A58DE45009C6601 /* ViewController.swift */ = {isa = PBXFileReference; lastKnownFileType = sourcecode.swift; path = ViewController.swift; sourceTree = "<group>"; };
		796BF70D1A58DE45009C6601 /* Base */ = {isa = PBXFileReference; lastKnownFileType = file.storyboard; name = Base; path = Base.lproj/Main.storyboard; sourceTree = "<group>"; };
		796BF70F1A58DE45009C6601 /* Images.xcassets */ = {isa = PBXFileReference; lastKnownFileType = folder.assetcatalog; path = Images.xcassets; sourceTree = "<group>"; };
		796BF7121A58DE45009C6601 /* Base */ = {isa = PBXFileReference; lastKnownFileType = file.xib; name = Base; path = Base.lproj/LaunchScreen.xib; sourceTree = "<group>"; };
		796BF7181A58DE45009C6601 /* SwiftTodayTests.xctest */ = {isa = PBXFileReference; explicitFileType = wrapper.cfbundle; includeInIndex = 0; path = SwiftTodayTests.xctest; sourceTree = BUILT_PRODUCTS_DIR; };
		796BF71D1A58DE45009C6601 /* Info.plist */ = {isa = PBXFileReference; lastKnownFileType = text.plist.xml; path = Info.plist; sourceTree = "<group>"; };
		796BF71E1A58DE45009C6601 /* SwiftTodayTests.swift */ = {isa = PBXFileReference; lastKnownFileType = sourcecode.swift; path = SwiftTodayTests.swift; sourceTree = "<group>"; };
/* End PBXFileReference section */

/* Begin PBXFrameworksBuildPhase section */
		796BF6FD1A58DE45009C6601 /* Frameworks */ = {
			isa = PBXFrameworksBuildPhase;
			buildActionMask = 2147483647;
			files = (
			);
			runOnlyForDeploymentPostprocessing = 0;
		};
		796BF7151A58DE45009C6601 /* Frameworks */ = {
			isa = PBXFrameworksBuildPhase;
			buildActionMask = 2147483647;
			files = (
			);
			runOnlyForDeploymentPostprocessing = 0;
		};
/* End PBXFrameworksBuildPhase section */

/* Begin PBXGroup section */
		796BF6F71A58DE45009C6601 = {
			isa = PBXGroup;
			children = (
				796BF7021A58DE45009C6601 /* SwiftToday */,
				796BF71B1A58DE45009C6601 /* SwiftTodayTests */,
				796BF7011A58DE45009C6601 /* Products */,
			);
			sourceTree = "<group>";
		};
		796BF7011A58DE45009C6601 /* Products */ = {
			isa = PBXGroup;
			children = (
				796BF7001A58DE45009C6601 /* SwiftToday.app */,
				796BF7181A58DE45009C6601 /* SwiftTodayTests.xctest */,
			);
			name = Products;
			sourceTree = "<group>";
		};
		796BF7021A58DE45009C6601 /* SwiftToday */ = {
			isa = PBXGroup;
			children = (
				796BF7051A58DE45009C6601 /* AppDelegate.swift */,
				796BF70A1A58DE45009C6601 /* ViewController.swift */,
				796BF70C1A58DE45009C6601 /* Main.storyboard */,
				796BF70F1A58DE45009C6601 /* Images.xcassets */,
				796BF7111A58DE45009C6601 /* LaunchScreen.xib */,
				796BF7071A58DE45009C6601 /* SwiftToday.xcdatamodeld */,
				796BF7031A58DE45009C6601 /* Supporting Files */,
			);
			path = SwiftToday;
			sourceTree = "<group>";
		};
		796BF7031A58DE45009C6601 /* Supporting Files */ = {
			isa = PBXGroup;
			children = (
				796BF7041A58DE45009C6601 /* Info.plist */,
			);
			name = "Supporting Files";
			sourceTree = "<group>";
		};
		796BF71B1A58DE45009C6601 /* SwiftTodayTests */ = {
			isa = PBXGroup;
			children = (
				796BF71E1A58DE45009C6601 /* SwiftTodayTests.swift */,
				796BF71C1A58DE45009C6601 /* Supporting Files */,
			);
			path = SwiftTodayTests;
			sourceTree = "<group>";
		};
		796BF71C1A58DE45009C6601 /* Supporting Files */ = {
			isa = PBXGroup;
			children = (
				796BF71D1A58DE45009C6601 /* Info.plist */,
			);
			name = "Supporting Files";
			sourceTree = "<group>";
		};
/* End PBXGroup section */

/* Begin PBXNativeTarget section */
		796BF6FF1A58DE45009C6601 /* SwiftToday */ = {
			isa = PBXNativeTarget;
			buildConfigurationList = 796BF7221A58DE45009C6601 /* Build configuration list for PBXNativeTarget "SwiftToday" */;
			buildPhases = (
				796BF6FC1A58DE45009C6601 /* Sources */,
				796BF6FD1A58DE45009C6601 /* Frameworks */,
				796BF6FE1A58DE45009C6601 /* Resources */,
			);
			buildRules = (
			);
			dependencies = (
			);
			name = SwiftToday;
			productName = SwiftToday;
			productReference = 796BF7001A58DE45009C6601 /* SwiftToday.app */;
			productType = "com.apple.product-type.application";
		};
		796BF7171A58DE45009C6601 /* SwiftTodayTests */ = {
			isa = PBXNativeTarget;
			buildConfigurationList = 796BF7251A58DE45009C6601 /* Build configuration list for PBXNativeTarget "SwiftTodayTests" */;
			buildPhases = (
				796BF7141A58DE45009C6601 /* Sources */,
				796BF7151A58DE45009C6601 /* Frameworks */,
				796BF7161A58DE45009C6601 /* Resources */,
			);
			buildRules = (
			);
			dependencies = (
				796BF71A1A58DE45009C6601 /* PBXTargetDependency */,
			);
			name = SwiftTodayTests;
			productName = SwiftTodayTests;
			productReference = 796BF7181A58DE45009C6601 /* SwiftTodayTests.xctest */;
			productType = "com.apple.product-type.bundle.unit-test";
		};
/* End PBXNativeTarget section */

/* Begin PBXProject section */
		796BF6F81A58DE45009C6601 /* Project object */ = {
			isa = PBXProject;
			attributes = {
				LastUpgradeCheck = 0610;
				ORGANIZATIONNAME = lizhenning;
				TargetAttributes = {
					796BF6FF1A58DE45009C6601 = {
						CreatedOnToolsVersion = 6.1.1;
					};
					796BF7171A58DE45009C6601 = {
						CreatedOnToolsVersion = 6.1.1;
						TestTargetID = 796BF6FF1A58DE45009C6601;
					};
				};
			};
			buildConfigurationList = 796BF6FB1A58DE45009C6601 /* Build configuration list for PBXProject "SwiftToday" */;
			compatibilityVersion = "Xcode 3.2";
			developmentRegion = English;
			hasScannedForEncodings = 0;
			knownRegions = (
				en,
				Base,
			);
			mainGroup = 796BF6F71A58DE45009C6601;
			productRefGroup = 796BF7011A58DE45009C6601 /* Products */;
			projectDirPath = "";
			projectRoot = "";
			targets = (
				796BF6FF1A58DE45009C6601 /* SwiftToday */,
				796BF7171A58DE45009C6601 /* SwiftTodayTests */,
			);
		};
/* End PBXProject section */

/* Begin PBXResourcesBuildPhase section */
		796BF6FE1A58DE45009C6601 /* Resources */ = {
			isa = PBXResourcesBuildPhase;
			buildActionMask = 2147483647;
			files = (
				796BF70E1A58DE45009C6601 /* Main.storyboard in Resources */,
				796BF7131A58DE45009C6601 /* LaunchScreen.xib in Resources */,
				796BF7101A58DE45009C6601 /* Images.xcassets in Resources */,
			);
			runOnlyForDeploymentPostprocessing = 0;
		};
		796BF7161A58DE45009C6601 /* Resources */ = {
			isa = PBXResourcesBuildPhase;
			buildActionMask = 2147483647;
			files = (
			);
			runOnlyForDeploymentPostprocessing = 0;
		};
/* End PBXResourcesBuildPhase section */

/* Begin PBXSourcesBuildPhase section */
		796BF6FC1A58DE45009C6601 /* Sources */ = {
			isa = PBXSourcesBuildPhase;
			buildActionMask = 2147483647;
			files = (
				796BF70B1A58DE45009C6601 /* ViewController.swift in Sources */,
				796BF7061A58DE45009C6601 /* AppDelegate.swift in Sources */,
				796BF7091A58DE45009C6601 /* SwiftToday.xcdatamodeld in Sources */,
			);
			runOnlyForDeploymentPostprocessing = 0;
		};
		796BF7141A58DE45009C6601 /* Sources */ = {
			isa = PBXSourcesBuildPhase;
			buildActionMask = 2147483647;
			files = (
				796BF71F1A58DE45009C6601 /* SwiftTodayTests.swift in Sources */,
			);
			runOnlyForDeploymentPostprocessing = 0;
		};
/* End PBXSourcesBuildPhase section */

/* Begin PBXTargetDependency section */
		796BF71A1A58DE45009C6601 /* PBXTargetDependency */ = {
			isa = PBXTargetDependency;
			target = 796BF6FF1A58DE45009C6601 /* SwiftToday */;
			targetProxy = 796BF7191A58DE45009C6601 /* PBXContainerItemProxy */;
		};
/* End PBXTargetDependency section */

/* Begin PBXVariantGroup section */
		796BF70C1A58DE45009C6601 /* Main.storyboard */ = {
			isa = PBXVariantGroup;
			children = (
				796BF70D1A58DE45009C6601 /* Base */,
			);
			name = Main.storyboard;
			sourceTree = "<group>";
		};
		796BF7111A58DE45009C6601 /* LaunchScreen.xib */ = {
			isa = PBXVariantGroup;
			children = (
				796BF7121A58DE45009C6601 /* Base */,
			);
			name = LaunchScreen.xib;
			sourceTree = "<group>";
		};
/* End PBXVariantGroup section */

/* Begin XCBuildConfiguration section */
		796BF7201A58DE45009C6601 /* Debug */ = {
			isa = XCBuildConfiguration;
			buildSettings = {
				ALWAYS_SEARCH_USER_PATHS = NO;
				CLANG_CXX_LANGUAGE_STANDARD = "gnu++0x";
				CLANG_CXX_LIBRARY = "libc++";
				CLANG_ENABLE_MODULES = YES;
				CLANG_ENABLE_OBJC_ARC = YES;
				CLANG_WARN_BOOL_CONVERSION = YES;
				CLANG_WARN_CONSTANT_CONVERSION = YES;
				CLANG_WARN_DIRECT_OBJC_ISA_USAGE = YES_ERROR;
				CLANG_WARN_EMPTY_BODY = YES;
				CLANG_WARN_ENUM_CONVERSION = YES;
				CLANG_WARN_INT_CONVERSION = YES;
				CLANG_WARN_OBJC_ROOT_CLASS = YES_ERROR;
				CLANG_WARN_UNREACHABLE_CODE = YES;
				CLANG_WARN__DUPLICATE_METHOD_MATCH = YES;
				"CODE_SIGN_IDENTITY[sdk=iphoneos*]" = "iPhone Developer";
				COPY_PHASE_STRIP = NO;
				ENABLE_STRICT_OBJC_MSGSEND = YES;
				GCC_C_LANGUAGE_STANDARD = gnu99;
				GCC_DYNAMIC_NO_PIC = NO;
				GCC_OPTIMIZATION_LEVEL = 0;
				GCC_PREPROCESSOR_DEFINITIONS = (
					"DEBUG=1",
					"$(inherited)",
				);
				GCC_SYMBOLS_PRIVATE_EXTERN = NO;
				GCC_WARN_64_TO_32_BIT_CONVERSION = YES;
				GCC_WARN_ABOUT_RETURN_TYPE = YES_ERROR;
				GCC_WARN_UNDECLARED_SELECTOR = YES;
				GCC_WARN_UNINITIALIZED_AUTOS = YES_AGGRESSIVE;
				GCC_WARN_UNUSED_FUNCTION = YES;
				GCC_WARN_UNUSED_VARIABLE = YES;
				IPHONEOS_DEPLOYMENT_TARGET = 8.1;
				MTL_ENABLE_DEBUG_INFO = YES;
				ONLY_ACTIVE_ARCH = YES;
				SDKROOT = iphoneos;
				SWIFT_OPTIMIZATION_LEVEL = "-Onone";
			};
			name = Debug;
		};
		796BF7211A58DE45009C6601 /* Release */ = {
			isa = XCBuildConfiguration;
			buildSettings = {
				ALWAYS_SEARCH_USER_PATHS = NO;
				CLANG_CXX_LANGUAGE_STANDARD = "gnu++0x";
				CLANG_CXX_LIBRARY = "libc++";
				CLANG_ENABLE_MODULES = YES;
				CLANG_ENABLE_OBJC_ARC = YES;
				CLANG_WARN_BOOL_CONVERSION = YES;
				CLANG_WARN_CONSTANT_CONVERSION = YES;
				CLANG_WARN_DIRECT_OBJC_ISA_USAGE = YES_ERROR;
				CLANG_WARN_EMPTY_BODY = YES;
				CLANG_WARN_ENUM_CONVERSION = YES;
				CLANG_WARN_INT_CONVERSION = YES;
				CLANG_WARN_OBJC_ROOT_CLASS = YES_ERROR;
				CLANG_WARN_UNREACHABLE_CODE = YES;
				CLANG_WARN__DUPLICATE_METHOD_MATCH = YES;
				"CODE_SIGN_IDENTITY[sdk=iphoneos*]" = "iPhone Developer";
				COPY_PHASE_STRIP = YES;
				ENABLE_NS_ASSERTIONS = NO;
				ENABLE_STRICT_OBJC_MSGSEND = YES;
				GCC_C_LANGUAGE_STANDARD = gnu99;
				GCC_WARN_64_TO_32_BIT_CONVERSION = YES;
				GCC_WARN_ABOUT_RETURN_TYPE = YES_ERROR;
				GCC_WARN_UNDECLARED_SELECTOR = YES;
				GCC_WARN_UNINITIALIZED_AUTOS = YES_AGGRESSIVE;
				GCC_WARN_UNUSED_FUNCTION = YES;
				GCC_WARN_UNUSED_VARIABLE = YES;
				IPHONEOS_DEPLOYMENT_TARGET = 8.1;
				MTL_ENABLE_DEBUG_INFO = NO;
				SDKROOT = iphoneos;
				VALIDATE_PRODUCT = YES;
			};
			name = Release;
		};
		796BF7231A58DE45009C6601 /* Debug */ = {
			isa = XCBuildConfiguration;
			buildSettings = {
				ASSETCATALOG_COMPILER_APPICON_NAME = AppIcon;
				INFOPLIST_FILE = SwiftToday/Info.plist;
				LD_RUNPATH_SEARCH_PATHS = "$(inherited) @executable_path/Frameworks";
				PRODUCT_NAME = "$(TARGET_NAME)";
			};
			name = Debug;
		};
		796BF7241A58DE45009C6601 /* Release */ = {
			isa = XCBuildConfiguration;
			buildSettings = {
				ASSETCATALOG_COMPILER_APPICON_NAME = AppIcon;
				INFOPLIST_FILE = SwiftToday/Info.plist;
				LD_RUNPATH_SEARCH_PATHS = "$(inherited) @executable_path/Frameworks";
				PRODUCT_NAME = "$(TARGET_NAME)";
			};
			name = Release;
		};
		796BF7261A58DE45009C6601 /* Debug */ = {
			isa = XCBuildConfiguration;
			buildSettings = {
				BUNDLE_LOADER = "$(TEST_HOST)";
				FRAMEWORK_SEARCH_PATHS = (
					"$(SDKROOT)/Developer/Library/Frameworks",
					"$(inherited)",
				);
				GCC_PREPROCESSOR_DEFINITIONS = (
					"DEBUG=1",
					"$(inherited)",
				);
				INFOPLIST_FILE = SwiftTodayTests/Info.plist;
				LD_RUNPATH_SEARCH_PATHS = "$(inherited) @executable_path/Frameworks @loader_path/Frameworks";
				PRODUCT_NAME = "$(TARGET_NAME)";
				TEST_HOST = "$(BUILT_PRODUCTS_DIR)/SwiftToday.app/SwiftToday";
			};
			name = Debug;
		};
		796BF7271A58DE45009C6601 /* Release */ = {
			isa = XCBuildConfiguration;
			buildSettings = {
				BUNDLE_LOADER = "$(TEST_HOST)";
				FRAMEWORK_SEARCH_PATHS = (
					"$(SDKROOT)/Developer/Library/Frameworks",
					"$(inherited)",
				);
				INFOPLIST_FILE = SwiftTodayTests/Info.plist;
				LD_RUNPATH_SEARCH_PATHS = "$(inherited) @executable_path/Frameworks @loader_path/Frameworks";
				PRODUCT_NAME = "$(TARGET_NAME)";
				TEST_HOST = "$(BUILT_PRODUCTS_DIR)/SwiftToday.app/SwiftToday";
			};
			name = Release;
		};
/* End XCBuildConfiguration section */

/* Begin XCConfigurationList section */
		796BF6FB1A58DE45009C6601 /* Build configuration list for PBXProject "SwiftToday" */ = {
			isa = XCConfigurationList;
			buildConfigurations = (
				796BF7201A58DE45009C6601 /* Debug */,
				796BF7211A58DE45009C6601 /* Release */,
			);
			defaultConfigurationIsVisible = 0;
			defaultConfigurationName = Release;
		};
		796BF7221A58DE45009C6601 /* Build configuration list for PBXNativeTarget "SwiftToday" */ = {
			isa = XCConfigurationList;
			buildConfigurations = (
				796BF7231A58DE45009C6601 /* Debug */,
				796BF7241A58DE45009C6601 /* Release */,
			);
			defaultConfigurationIsVisible = 0;
		};
		796BF7251A58DE45009C6601 /* Build configuration list for PBXNativeTarget "SwiftTodayTests" */ = {
			isa = XCConfigurationList;
			buildConfigurations = (
				796BF7261A58DE45009C6601 /* Debug */,
				796BF7271A58DE45009C6601 /* Release */,
			);
			defaultConfigurationIsVisible = 0;
		};
/* End XCConfigurationList section */

/* Begin XCVersionGroup section */
		796BF7071A58DE45009C6601 /* SwiftToday.xcdatamodeld */ = {
			isa = XCVersionGroup;
			children = (
				796BF7081A58DE45009C6601 /* SwiftToday.xcdatamodel */,
			);
			currentVersion = 796BF7081A58DE45009C6601 /* SwiftToday.xcdatamodel */;
			path = SwiftToday.xcdatamodeld;
			sourceTree = "<group>";
			versionGroupType = wrapper.xcdatamodel;
		};
/* End XCVersionGroup section */
	};
	rootObject = 796BF6F81A58DE45009C6601 /* Project object */;
}
